// !$*UTF8*$!
{
	archiveVersion = 1;
	classes = {
	};
	objectVersion = 56;
	objects = {

/* Begin PBXBuildFile section */
		8082362E29250B4000FAEEA0 /* The1App.swift in Sources */ = {isa = PBXBuildFile; fileRef = 8082362D29250B4000FAEEA0 /* The1App.swift */; };
		8082363029250B4000FAEEA0 /* ContentView.swift in Sources */ = {isa = PBXBuildFile; fileRef = 8082362F29250B4000FAEEA0 /* ContentView.swift */; };
		8082363229250B4000FAEEA0 /* Assets.xcassets in Resources */ = {isa = PBXBuildFile; fileRef = 8082363129250B4000FAEEA0 /* Assets.xcassets */; };
		8082363529250B4000FAEEA0 /* Preview Assets.xcassets in Resources */ = {isa = PBXBuildFile; fileRef = 8082363429250B4000FAEEA0 /* Preview Assets.xcassets */; };
		8082363F29250B4100FAEEA0 /* The1Tests.swift in Sources */ = {isa = PBXBuildFile; fileRef = 8082363E29250B4100FAEEA0 /* The1Tests.swift */; };
		8082364929250B4100FAEEA0 /* The1UITests.swift in Sources */ = {isa = PBXBuildFile; fileRef = 8082364829250B4100FAEEA0 /* The1UITests.swift */; };
		8082364B29250B4100FAEEA0 /* The1UITestsLaunchTests.swift in Sources */ = {isa = PBXBuildFile; fileRef = 8082364A29250B4100FAEEA0 /* The1UITestsLaunchTests.swift */; };
/* End PBXBuildFile section */

/* Begin PBXContainerItemProxy section */
		8082363B29250B4100FAEEA0 /* PBXContainerItemProxy */ = {
			isa = PBXContainerItemProxy;
			containerPortal = 8082362229250B4000FAEEA0 /* Project object */;
			proxyType = 1;
			remoteGlobalIDString = 8082362929250B4000FAEEA0;
			remoteInfo = The1;
		};
		8082364529250B4100FAEEA0 /* PBXContainerItemProxy */ = {
			isa = PBXContainerItemProxy;
			containerPortal = 8082362229250B4000FAEEA0 /* Project object */;
			proxyType = 1;
			remoteGlobalIDString = 8082362929250B4000FAEEA0;
			remoteInfo = The1;
		};
/* End PBXContainerItemProxy section */

/* Begin PBXFileReference section */
		8082362A29250B4000FAEEA0 /* The1.app */ = {isa = PBXFileReference; explicitFileType = wrapper.application; includeInIndex = 0; path = The1.app; sourceTree = BUILT_PRODUCTS_DIR; };
		8082362D29250B4000FAEEA0 /* The1App.swift */ = {isa = PBXFileReference; lastKnownFileType = sourcecode.swift; path = The1App.swift; sourceTree = "<group>"; };
		8082362F29250B4000FAEEA0 /* ContentView.swift */ = {isa = PBXFileReference; lastKnownFileType = sourcecode.swift; path = ContentView.swift; sourceTree = "<group>"; };
		8082363129250B4000FAEEA0 /* Assets.xcassets */ = {isa = PBXFileReference; lastKnownFileType = folder.assetcatalog; path = Assets.xcassets; sourceTree = "<group>"; };
		8082363429250B4000FAEEA0 /* Preview Assets.xcassets */ = {isa = PBXFileReference; lastKnownFileType = folder.assetcatalog; path = "Preview Assets.xcassets"; sourceTree = "<group>"; };
		8082363A29250B4100FAEEA0 /* The1Tests.xctest */ = {isa = PBXFileReference; explicitFileType = wrapper.cfbundle; includeInIndex = 0; path = The1Tests.xctest; sourceTree = BUILT_PRODUCTS_DIR; };
		8082363E29250B4100FAEEA0 /* The1Tests.swift */ = {isa = PBXFileReference; lastKnownFileType = sourcecode.swift; path = The1Tests.swift; sourceTree = "<group>"; };
		8082364429250B4100FAEEA0 /* The1UITests.xctest */ = {isa = PBXFileReference; explicitFileType = wrapper.cfbundle; includeInIndex = 0; path = The1UITests.xctest; sourceTree = BUILT_PRODUCTS_DIR; };
		8082364829250B4100FAEEA0 /* The1UITests.swift */ = {isa = PBXFileReference; lastKnownFileType = sourcecode.swift; path = The1UITests.swift; sourceTree = "<group>"; };
		8082364A29250B4100FAEEA0 /* The1UITestsLaunchTests.swift */ = {isa = PBXFileReference; lastKnownFileType = sourcecode.swift; path = The1UITestsLaunchTests.swift; sourceTree = "<group>"; };
/* End PBXFileReference section */

/* Begin PBXFrameworksBuildPhase section */
		8082362729250B4000FAEEA0 /* Frameworks */ = {
			isa = PBXFrameworksBuildPhase;
			buildActionMask = 2147483647;
			files = (
			);
			runOnlyForDeploymentPostprocessing = 0;
		};
		8082363729250B4100FAEEA0 /* Frameworks */ = {
			isa = PBXFrameworksBuildPhase;
			buildActionMask = 2147483647;
			files = (
			);
			runOnlyForDeploymentPostprocessing = 0;
		};
		8082364129250B4100FAEEA0 /* Frameworks */ = {
			isa = PBXFrameworksBuildPhase;
			buildActionMask = 2147483647;
			files = (
			);
			runOnlyForDeploymentPostprocessing = 0;
		};
/* End PBXFrameworksBuildPhase section */

/* Begin PBXGroup section */
		8082362129250B4000FAEEA0 = {
			isa = PBXGroup;
			children = (
				8082362C29250B4000FAEEA0 /* The1 */,
				8082363D29250B4100FAEEA0 /* The1Tests */,
				8082364729250B4100FAEEA0 /* The1UITests */,
				8082362B29250B4000FAEEA0 /* Products */,
			);
			sourceTree = "<group>";
		};
		8082362B29250B4000FAEEA0 /* Products */ = {
			isa = PBXGroup;
			children = (
				8082362A29250B4000FAEEA0 /* The1.app */,
				8082363A29250B4100FAEEA0 /* The1Tests.xctest */,
				8082364429250B4100FAEEA0 /* The1UITests.xctest */,
			);
			name = Products;
			sourceTree = "<group>";
		};
		8082362C29250B4000FAEEA0 /* The1 */ = {
			isa = PBXGroup;
			children = (
				8082362D29250B4000FAEEA0 /* The1App.swift */,
				8082362F29250B4000FAEEA0 /* ContentView.swift */,
				8082363129250B4000FAEEA0 /* Assets.xcassets */,
				8082363329250B4000FAEEA0 /* Preview Content */,
			);
			path = The1;
			sourceTree = "<group>";
		};
		8082363329250B4000FAEEA0 /* Preview Content */ = {
			isa = PBXGroup;
			children = (
				8082363429250B4000FAEEA0 /* Preview Assets.xcassets */,
			);
			path = "Preview Content";
			sourceTree = "<group>";
		};
		8082363D29250B4100FAEEA0 /* The1Tests */ = {
			isa = PBXGroup;
			children = (
				8082363E29250B4100FAEEA0 /* The1Tests.swift */,
			);
			path = The1Tests;
			sourceTree = "<group>";
		};
		8082364729250B4100FAEEA0 /* The1UITests */ = {
			isa = PBXGroup;
			children = (
				8082364829250B4100FAEEA0 /* The1UITests.swift */,
				8082364A29250B4100FAEEA0 /* The1UITestsLaunchTests.swift */,
			);
			path = The1UITests;
			sourceTree = "<group>";
		};
/* End PBXGroup section */

/* Begin PBXNativeTarget section */
		8082362929250B4000FAEEA0 /* The1 */ = {
			isa = PBXNativeTarget;
			buildConfigurationList = 8082364E29250B4100FAEEA0 /* Build configuration list for PBXNativeTarget "The1" */;
			buildPhases = (
				8082362629250B4000FAEEA0 /* Sources */,
				8082362729250B4000FAEEA0 /* Frameworks */,
				8082362829250B4000FAEEA0 /* Resources */,
			);
			buildRules = (
			);
			dependencies = (
			);
			name = The1;
			productName = The1;
			productReference = 8082362A29250B4000FAEEA0 /* The1.app */;
			productType = "com.apple.product-type.application";
		};
		8082363929250B4100FAEEA0 /* The1Tests */ = {
			isa = PBXNativeTarget;
			buildConfigurationList = 8082365129250B4100FAEEA0 /* Build configuration list for PBXNativeTarget "The1Tests" */;
			buildPhases = (
				8082363629250B4100FAEEA0 /* Sources */,
				8082363729250B4100FAEEA0 /* Frameworks */,
				8082363829250B4100FAEEA0 /* Resources */,
			);
			buildRules = (
			);
			dependencies = (
				8082363C29250B4100FAEEA0 /* PBXTargetDependency */,
			);
			name = The1Tests;
			productName = The1Tests;
			productReference = 8082363A29250B4100FAEEA0 /* The1Tests.xctest */;
			productType = "com.apple.product-type.bundle.unit-test";
		};
		8082364329250B4100FAEEA0 /* The1UITests */ = {
			isa = PBXNativeTarget;
			buildConfigurationList = 8082365429250B4100FAEEA0 /* Build configuration list for PBXNativeTarget "The1UITests" */;
			buildPhases = (
				8082364029250B4100FAEEA0 /* Sources */,
				8082364129250B4100FAEEA0 /* Frameworks */,
				8082364229250B4100FAEEA0 /* Resources */,
			);
			buildRules = (
			);
			dependencies = (
				8082364629250B4100FAEEA0 /* PBXTargetDependency */,
			);
			name = The1UITests;
			productName = The1UITests;
			productReference = 8082364429250B4100FAEEA0 /* The1UITests.xctest */;
			productType = "com.apple.product-type.bundle.ui-testing";
		};
/* End PBXNativeTarget section */

/* Begin PBXProject section */
		8082362229250B4000FAEEA0 /* Project object */ = {
			isa = PBXProject;
			attributes = {
				BuildIndependentTargetsInParallel = 1;
				LastSwiftUpdateCheck = 1410;
				LastUpgradeCheck = 1410;
				TargetAttributes = {
					8082362929250B4000FAEEA0 = {
						CreatedOnToolsVersion = 14.1;
					};
					8082363929250B4100FAEEA0 = {
						CreatedOnToolsVersion = 14.1;
						TestTargetID = 8082362929250B4000FAEEA0;
					};
					8082364329250B4100FAEEA0 = {
						CreatedOnToolsVersion = 14.1;
						TestTargetID = 8082362929250B4000FAEEA0;
					};
				};
			};
			buildConfigurationList = 8082362529250B4000FAEEA0 /* Build configuration list for PBXProject "The1" */;
			compatibilityVersion = "Xcode 14.0";
			developmentRegion = en;
			hasScannedForEncodings = 0;
			knownRegions = (
				en,
				Base,
			);
			mainGroup = 8082362129250B4000FAEEA0;
			productRefGroup = 8082362B29250B4000FAEEA0 /* Products */;
			projectDirPath = "";
			projectRoot = "";
			targets = (
				8082362929250B4000FAEEA0 /* The1 */,
				8082363929250B4100FAEEA0 /* The1Tests */,
				8082364329250B4100FAEEA0 /* The1UITests */,
			);
		};
/* End PBXProject section */

/* Begin PBXResourcesBuildPhase section */
		8082362829250B4000FAEEA0 /* Resources */ = {
			isa = PBXResourcesBuildPhase;
			buildActionMask = 2147483647;
			files = (
				8082363529250B4000FAEEA0 /* Preview Assets.xcassets in Resources */,
				8082363229250B4000FAEEA0 /* Assets.xcassets in Resources */,
			);
			runOnlyForDeploymentPostprocessing = 0;
		};
		8082363829250B4100FAEEA0 /* Resources */ = {
			isa = PBXResourcesBuildPhase;
			buildActionMask = 2147483647;
			files = (
			);
			runOnlyForDeploymentPostprocessing = 0;
		};
		8082364229250B4100FAEEA0 /* Resources */ = {
			isa = PBXResourcesBuildPhase;
			buildActionMask = 2147483647;
			files = (
			);
			runOnlyForDeploymentPostprocessing = 0;
		};
/* End PBXResourcesBuildPhase section */

/* Begin PBXSourcesBuildPhase section */
		8082362629250B4000FAEEA0 /* Sources */ = {
			isa = PBXSourcesBuildPhase;
			buildActionMask = 2147483647;
			files = (
				8082363029250B4000FAEEA0 /* ContentView.swift in Sources */,
				8082362E29250B4000FAEEA0 /* The1App.swift in Sources */,
			);
			runOnlyForDeploymentPostprocessing = 0;
		};
		8082363629250B4100FAEEA0 /* Sources */ = {
			isa = PBXSourcesBuildPhase;
			buildActionMask = 2147483647;
			files = (
				8082363F29250B4100FAEEA0 /* The1Tests.swift in Sources */,
			);
			runOnlyForDeploymentPostprocessing = 0;
		};
		8082364029250B4100FAEEA0 /* Sources */ = {
			isa = PBXSourcesBuildPhase;
			buildActionMask = 2147483647;
			files = (
				8082364B29250B4100FAEEA0 /* The1UITestsLaunchTests.swift in Sources */,
				8082364929250B4100FAEEA0 /* The1UITests.swift in Sources */,
			);
			runOnlyForDeploymentPostprocessing = 0;
		};
/* End PBXSourcesBuildPhase section */

/* Begin PBXTargetDependency section */
		8082363C29250B4100FAEEA0 /* PBXTargetDependency */ = {
			isa = PBXTargetDependency;
			target = 8082362929250B4000FAEEA0 /* The1 */;
			targetProxy = 8082363B29250B4100FAEEA0 /* PBXContainerItemProxy */;
		};
		8082364629250B4100FAEEA0 /* PBXTargetDependency */ = {
			isa = PBXTargetDependency;
			target = 8082362929250B4000FAEEA0 /* The1 */;
			targetProxy = 8082364529250B4100FAEEA0 /* PBXContainerItemProxy */;
		};
/* End PBXTargetDependency section */

/* Begin XCBuildConfiguration section */
		8082364C29250B4100FAEEA0 /* Debug */ = {
			isa = XCBuildConfiguration;
			buildSettings = {
				ALWAYS_SEARCH_USER_PATHS = NO;
				CLANG_ANALYZER_NONNULL = YES;
				CLANG_ANALYZER_NUMBER_OBJECT_CONVERSION = YES_AGGRESSIVE;
				CLANG_CXX_LANGUAGE_STANDARD = "gnu++20";
				CLANG_ENABLE_MODULES = YES;
				CLANG_ENABLE_OBJC_ARC = YES;
				CLANG_ENABLE_OBJC_WEAK = YES;
				CLANG_WARN_BLOCK_CAPTURE_AUTORELEASING = YES;
				CLANG_WARN_BOOL_CONVERSION = YES;
				CLANG_WARN_COMMA = YES;
				CLANG_WARN_CONSTANT_CONVERSION = YES;
				CLANG_WARN_DEPRECATED_OBJC_IMPLEMENTATIONS = YES;
				CLANG_WARN_DIRECT_OBJC_ISA_USAGE = YES_ERROR;
				CLANG_WARN_DOCUMENTATION_COMMENTS = YES;
				CLANG_WARN_EMPTY_BODY = YES;
				CLANG_WARN_ENUM_CONVERSION = YES;
				CLANG_WARN_INFINITE_RECURSION = YES;
				CLANG_WARN_INT_CONVERSION = YES;
				CLANG_WARN_NON_LITERAL_NULL_CONVERSION = YES;
				CLANG_WARN_OBJC_IMPLICIT_RETAIN_SELF = YES;
				CLANG_WARN_OBJC_LITERAL_CONVERSION = YES;
				CLANG_WARN_OBJC_ROOT_CLASS = YES_ERROR;
				CLANG_WARN_QUOTED_INCLUDE_IN_FRAMEWORK_HEADER = YES;
				CLANG_WARN_RANGE_LOOP_ANALYSIS = YES;
				CLANG_WARN_STRICT_PROTOTYPES = YES;
				CLANG_WARN_SUSPICIOUS_MOVE = YES;
				CLANG_WARN_UNGUARDED_AVAILABILITY = YES_AGGRESSIVE;
				CLANG_WARN_UNREACHABLE_CODE = YES;
				CLANG_WARN__DUPLICATE_METHOD_MATCH = YES;
				COPY_PHASE_STRIP = NO;
				DEBUG_INFORMATION_FORMAT = dwarf;
				ENABLE_STRICT_OBJC_MSGSEND = YES;
				ENABLE_TESTABILITY = YES;
				GCC_C_LANGUAGE_STANDARD = gnu11;
				GCC_DYNAMIC_NO_PIC = NO;
				GCC_NO_COMMON_BLOCKS = YES;
				GCC_OPTIMIZATION_LEVEL = 0;
				GCC_PREPROCESSOR_DEFINITIONS = (
					"DEBUG=1",
					"$(inherited)",
				);
				GCC_WARN_64_TO_32_BIT_CONVERSION = YES;
				GCC_WARN_ABOUT_RETURN_TYPE = YES_ERROR;
				GCC_WARN_UNDECLARED_SELECTOR = YES;
				GCC_WARN_UNINITIALIZED_AUTOS = YES_AGGRESSIVE;
				GCC_WARN_UNUSED_FUNCTION = YES;
				GCC_WARN_UNUSED_VARIABLE = YES;
				IPHONEOS_DEPLOYMENT_TARGET = 16.1;
				MTL_ENABLE_DEBUG_INFO = INCLUDE_SOURCE;
				MTL_FAST_MATH = YES;
				ONLY_ACTIVE_ARCH = YES;
				SDKROOT = iphoneos;
				SWIFT_ACTIVE_COMPILATION_CONDITIONS = DEBUG;
				SWIFT_OPTIMIZATION_LEVEL = "-Onone";
			};
			name = Debug;
		};
		8082364D29250B4100FAEEA0 /* Release */ = {
			isa = XCBuildConfiguration;
			buildSettings = {
				ALWAYS_SEARCH_USER_PATHS = NO;
				CLANG_ANALYZER_NONNULL = YES;
				CLANG_ANALYZER_NUMBER_OBJECT_CONVERSION = YES_AGGRESSIVE;
				CLANG_CXX_LANGUAGE_STANDARD = "gnu++20";
				CLANG_ENABLE_MODULES = YES;
				CLANG_ENABLE_OBJC_ARC = YES;
				CLANG_ENABLE_OBJC_WEAK = YES;
				CLANG_WARN_BLOCK_CAPTURE_AUTORELEASING = YES;
				CLANG_WARN_BOOL_CONVERSION = YES;
				CLANG_WARN_COMMA = YES;
				CLANG_WARN_CONSTANT_CONVERSION = YES;
				CLANG_WARN_DEPRECATED_OBJC_IMPLEMENTATIONS = YES;
				CLANG_WARN_DIRECT_OBJC_ISA_USAGE = YES_ERROR;
				CLANG_WARN_DOCUMENTATION_COMMENTS = YES;
				CLANG_WARN_EMPTY_BODY = YES;
				CLANG_WARN_ENUM_CONVERSION = YES;
				CLANG_WARN_INFINITE_RECURSION = YES;
				CLANG_WARN_INT_CONVERSION = YES;
				CLANG_WARN_NON_LITERAL_NULL_CONVERSION = YES;
				CLANG_WARN_OBJC_IMPLICIT_RETAIN_SELF = YES;
				CLANG_WARN_OBJC_LITERAL_CONVERSION = YES;
				CLANG_WARN_OBJC_ROOT_CLASS = YES_ERROR;
				CLANG_WARN_QUOTED_INCLUDE_IN_FRAMEWORK_HEADER = YES;
				CLANG_WARN_RANGE_LOOP_ANALYSIS = YES;
				CLANG_WARN_STRICT_PROTOTYPES = YES;
				CLANG_WARN_SUSPICIOUS_MOVE = YES;
				CLANG_WARN_UNGUARDED_AVAILABILITY = YES_AGGRESSIVE;
				CLANG_WARN_UNREACHABLE_CODE = YES;
				CLANG_WARN__DUPLICATE_METHOD_MATCH = YES;
				COPY_PHASE_STRIP = NO;
				DEBUG_INFORMATION_FORMAT = "dwarf-with-dsym";
				ENABLE_NS_ASSERTIONS = NO;
				ENABLE_STRICT_OBJC_MSGSEND = YES;
				GCC_C_LANGUAGE_STANDARD = gnu11;
				GCC_NO_COMMON_BLOCKS = YES;
				GCC_WARN_64_TO_32_BIT_CONVERSION = YES;
				GCC_WARN_ABOUT_RETURN_TYPE = YES_ERROR;
				GCC_WARN_UNDECLARED_SELECTOR = YES;
				GCC_WARN_UNINITIALIZED_AUTOS = YES_AGGRESSIVE;
				GCC_WARN_UNUSED_FUNCTION = YES;
				GCC_WARN_UNUSED_VARIABLE = YES;
				IPHONEOS_DEPLOYMENT_TARGET = 16.1;
				MTL_ENABLE_DEBUG_INFO = NO;
				MTL_FAST_MATH = YES;
				SDKROOT = iphoneos;
				SWIFT_COMPILATION_MODE = wholemodule;
				SWIFT_OPTIMIZATION_LEVEL = "-O";
				VALIDATE_PRODUCT = YES;
			};
			name = Release;
		};
		8082364F29250B4100FAEEA0 /* Debug */ = {
			isa = XCBuildConfiguration;
			buildSettings = {
				ASSETCATALOG_COMPILER_APPICON_NAME = AppIcon;
				ASSETCATALOG_COMPILER_GLOBAL_ACCENT_COLOR_NAME = AccentColor;
				CODE_SIGN_STYLE = Automatic;
				CURRENT_PROJECT_VERSION = 1;
				DEVELOPMENT_ASSET_PATHS = "\"The1/Preview Content\"";
				ENABLE_PREVIEWS = YES;
				GENERATE_INFOPLIST_FILE = YES;
				INFOPLIST_KEY_UIApplicationSceneManifest_Generation = YES;
				INFOPLIST_KEY_UIApplicationSupportsIndirectInputEvents = YES;
				INFOPLIST_KEY_UILaunchScreen_Generation = YES;
				INFOPLIST_KEY_UISupportedInterfaceOrientations_iPad = "UIInterfaceOrientationPortrait UIInterfaceOrientationPortraitUpsideDown UIInterfaceOrientationLandscapeLeft UIInterfaceOrientationLandscapeRight";
				INFOPLIST_KEY_UISupportedInterfaceOrientations_iPhone = "UIInterfaceOrientationPortrait UIInterfaceOrientationLandscapeLeft UIInterfaceOrientationLandscapeRight";
				LD_RUNPATH_SEARCH_PATHS = (
					"$(inherited)",
					"@executable_path/Frameworks",
				);
				MARKETING_VERSION = 1.0;
				PRODUCT_BUNDLE_IDENTIFIER = com.AppleAcademy.The1;
				PRODUCT_NAME = "$(TARGET_NAME)";
				SWIFT_EMIT_LOC_STRINGS = YES;
				SWIFT_VERSION = 5.0;
				TARGETED_DEVICE_FAMILY = "1,2";
			};
			name = Debug;
		};
		8082365029250B4100FAEEA0 /* Release */ = {
			isa = XCBuildConfiguration;
			buildSettings = {
				ASSETCATALOG_COMPILER_APPICON_NAME = AppIcon;
				ASSETCATALOG_COMPILER_GLOBAL_ACCENT_COLOR_NAME = AccentColor;
				CODE_SIGN_STYLE = Automatic;
				CURRENT_PROJECT_VERSION = 1;
				DEVELOPMENT_ASSET_PATHS = "\"The1/Preview Content\"";
				ENABLE_PREVIEWS = YES;
				GENERATE_INFOPLIST_FILE = YES;
				INFOPLIST_KEY_UIApplicationSceneManifest_Generation = YES;
				INFOPLIST_KEY_UIApplicationSupportsIndirectInputEvents = YES;
				INFOPLIST_KEY_UILaunchScreen_Generation = YES;
				INFOPLIST_KEY_UISupportedInterfaceOrientations_iPad = "UIInterfaceOrientationPortrait UIInterfaceOrientationPortraitUpsideDown UIInterfaceOrientationLandscapeLeft UIInterfaceOrientationLandscapeRight";
				INFOPLIST_KEY_UISupportedInterfaceOrientations_iPhone = "UIInterfaceOrientationPortrait UIInterfaceOrientationLandscapeLeft UIInterfaceOrientationLandscapeRight";
				LD_RUNPATH_SEARCH_PATHS = (
					"$(inherited)",
					"@executable_path/Frameworks",
				);
				MARKETING_VERSION = 1.0;
				PRODUCT_BUNDLE_IDENTIFIER = com.AppleAcademy.The1;
				PRODUCT_NAME = "$(TARGET_NAME)";
				SWIFT_EMIT_LOC_STRINGS = YES;
				SWIFT_VERSION = 5.0;
				TARGETED_DEVICE_FAMILY = "1,2";
			};
			name = Release;
		};
		8082365229250B4100FAEEA0 /* Debug */ = {
			isa = XCBuildConfiguration;
			buildSettings = {
				ALWAYS_EMBED_SWIFT_STANDARD_LIBRARIES = YES;
				BUNDLE_LOADER = "$(TEST_HOST)";
				CODE_SIGN_STYLE = Automatic;
				CURRENT_PROJECT_VERSION = 1;
				GENERATE_INFOPLIST_FILE = YES;
				IPHONEOS_DEPLOYMENT_TARGET = 16.1;
				MARKETING_VERSION = 1.0;
				PRODUCT_BUNDLE_IDENTIFIER = com.AppleAcademy.The1Tests;
				PRODUCT_NAME = "$(TARGET_NAME)";
				SWIFT_EMIT_LOC_STRINGS = NO;
				SWIFT_VERSION = 5.0;
				TARGETED_DEVICE_FAMILY = "1,2";
				TEST_HOST = "$(BUILT_PRODUCTS_DIR)/The1.app/$(BUNDLE_EXECUTABLE_FOLDER_PATH)/The1";
			};
			name = Debug;
		};
		8082365329250B4100FAEEA0 /* Release */ = {
			isa = XCBuildConfiguration;
			buildSettings = {
				ALWAYS_EMBED_SWIFT_STANDARD_LIBRARIES = YES;
				BUNDLE_LOADER = "$(TEST_HOST)";
				CODE_SIGN_STYLE = Automatic;
				CURRENT_PROJECT_VERSION = 1;
				GENERATE_INFOPLIST_FILE = YES;
				IPHONEOS_DEPLOYMENT_TARGET = 16.1;
				MARKETING_VERSION = 1.0;
				PRODUCT_BUNDLE_IDENTIFIER = com.AppleAcademy.The1Tests;
				PRODUCT_NAME = "$(TARGET_NAME)";
				SWIFT_EMIT_LOC_STRINGS = NO;
				SWIFT_VERSION = 5.0;
				TARGETED_DEVICE_FAMILY = "1,2";
				TEST_HOST = "$(BUILT_PRODUCTS_DIR)/The1.app/$(BUNDLE_EXECUTABLE_FOLDER_PATH)/The1";
			};
			name = Release;
		};
		8082365529250B4100FAEEA0 /* Debug */ = {
			isa = XCBuildConfiguration;
			buildSettings = {
				ALWAYS_EMBED_SWIFT_STANDARD_LIBRARIES = YES;
				CODE_SIGN_STYLE = Automatic;
				CURRENT_PROJECT_VERSION = 1;
				GENERATE_INFOPLIST_FILE = YES;
				MARKETING_VERSION = 1.0;
				PRODUCT_BUNDLE_IDENTIFIER = com.AppleAcademy.The1UITests;
				PRODUCT_NAME = "$(TARGET_NAME)";
				SWIFT_EMIT_LOC_STRINGS = NO;
				SWIFT_VERSION = 5.0;
				TARGETED_DEVICE_FAMILY = "1,2";
				TEST_TARGET_NAME = The1;
			};
			name = Debug;
		};
		8082365629250B4100FAEEA0 /* Release */ = {
			isa = XCBuildConfiguration;
			buildSettings = {
				ALWAYS_EMBED_SWIFT_STANDARD_LIBRARIES = YES;
				CODE_SIGN_STYLE = Automatic;
				CURRENT_PROJECT_VERSION = 1;
				GENERATE_INFOPLIST_FILE = YES;
				MARKETING_VERSION = 1.0;
				PRODUCT_BUNDLE_IDENTIFIER = com.AppleAcademy.The1UITests;
				PRODUCT_NAME = "$(TARGET_NAME)";
				SWIFT_EMIT_LOC_STRINGS = NO;
				SWIFT_VERSION = 5.0;
				TARGETED_DEVICE_FAMILY = "1,2";
				TEST_TARGET_NAME = The1;
			};
			name = Release;
		};
/* End XCBuildConfiguration section */

/* Begin XCConfigurationList section */
		8082362529250B4000FAEEA0 /* Build configuration list for PBXProject "The1" */ = {
			isa = XCConfigurationList;
			buildConfigurations = (
				8082364C29250B4100FAEEA0 /* Debug */,
				8082364D29250B4100FAEEA0 /* Release */,
			);
			defaultConfigurationIsVisible = 0;
			defaultConfigurationName = Release;
		};
		8082364E29250B4100FAEEA0 /* Build configuration list for PBXNativeTarget "The1" */ = {
			isa = XCConfigurationList;
			buildConfigurations = (
				8082364F29250B4100FAEEA0 /* Debug */,
				8082365029250B4100FAEEA0 /* Release */,
			);
			defaultConfigurationIsVisible = 0;
			defaultConfigurationName = Release;
		};
		8082365129250B4100FAEEA0 /* Build configuration list for PBXNativeTarget "The1Tests" */ = {
			isa = XCConfigurationList;
			buildConfigurations = (
				8082365229250B4100FAEEA0 /* Debug */,
				8082365329250B4100FAEEA0 /* Release */,
			);
			defaultConfigurationIsVisible = 0;
			defaultConfigurationName = Release;
		};
		8082365429250B4100FAEEA0 /* Build configuration list for PBXNativeTarget "The1UITests" */ = {
			isa = XCConfigurationList;
			buildConfigurations = (
				8082365529250B4100FAEEA0 /* Debug */,
				8082365629250B4100FAEEA0 /* Release */,
			);
			defaultConfigurationIsVisible = 0;
			defaultConfigurationName = Release;
		};
/* End XCConfigurationList section */
	};
	rootObject = 8082362229250B4000FAEEA0 /* Project object */;
}
